// !$*UTF8*$!
{
	archiveVersion = 1;
	classes = {
	};
	objectVersion = 50;
	objects = {

/* Begin PBXBuildFile section */
		DC506C4425F24B410082C2AE /* AppDelegate.swift in Sources */ = {isa = PBXBuildFile; fileRef = DC506C4325F24B410082C2AE /* AppDelegate.swift */; };
		DC506C4625F24B410082C2AE /* SceneDelegate.swift in Sources */ = {isa = PBXBuildFile; fileRef = DC506C4525F24B410082C2AE /* SceneDelegate.swift */; };
		DC506C4825F24B410082C2AE /* ViewController.swift in Sources */ = {isa = PBXBuildFile; fileRef = DC506C4725F24B410082C2AE /* ViewController.swift */; };
		DC506C4B25F24B410082C2AE /* Main.storyboard in Resources */ = {isa = PBXBuildFile; fileRef = DC506C4925F24B410082C2AE /* Main.storyboard */; };
		DC506C4E25F24B420082C2AE /* colorApp.xcdatamodeld in Sources */ = {isa = PBXBuildFile; fileRef = DC506C4C25F24B410082C2AE /* colorApp.xcdatamodeld */; };
		DC506C5025F24B430082C2AE /* Assets.xcassets in Resources */ = {isa = PBXBuildFile; fileRef = DC506C4F25F24B430082C2AE /* Assets.xcassets */; };
		DC506C5325F24B430082C2AE /* LaunchScreen.storyboard in Resources */ = {isa = PBXBuildFile; fileRef = DC506C5125F24B430082C2AE /* LaunchScreen.storyboard */; };
/* End PBXBuildFile section */

/* Begin PBXFileReference section */
		DC506C4025F24B410082C2AE /* colorApp.app */ = {isa = PBXFileReference; explicitFileType = wrapper.application; includeInIndex = 0; path = colorApp.app; sourceTree = BUILT_PRODUCTS_DIR; };
		DC506C4325F24B410082C2AE /* AppDelegate.swift */ = {isa = PBXFileReference; lastKnownFileType = sourcecode.swift; path = AppDelegate.swift; sourceTree = "<group>"; };
		DC506C4525F24B410082C2AE /* SceneDelegate.swift */ = {isa = PBXFileReference; lastKnownFileType = sourcecode.swift; path = SceneDelegate.swift; sourceTree = "<group>"; };
		DC506C4725F24B410082C2AE /* ViewController.swift */ = {isa = PBXFileReference; lastKnownFileType = sourcecode.swift; path = ViewController.swift; sourceTree = "<group>"; };
		DC506C4A25F24B410082C2AE /* Base */ = {isa = PBXFileReference; lastKnownFileType = file.storyboard; name = Base; path = Base.lproj/Main.storyboard; sourceTree = "<group>"; };
		DC506C4D25F24B410082C2AE /* colorApp.xcdatamodel */ = {isa = PBXFileReference; lastKnownFileType = wrapper.xcdatamodel; path = colorApp.xcdatamodel; sourceTree = "<group>"; };
		DC506C4F25F24B430082C2AE /* Assets.xcassets */ = {isa = PBXFileReference; lastKnownFileType = folder.assetcatalog; path = Assets.xcassets; sourceTree = "<group>"; };
		DC506C5225F24B430082C2AE /* Base */ = {isa = PBXFileReference; lastKnownFileType = file.storyboard; name = Base; path = Base.lproj/LaunchScreen.storyboard; sourceTree = "<group>"; };
		DC506C5425F24B430082C2AE /* Info.plist */ = {isa = PBXFileReference; lastKnownFileType = text.plist.xml; path = Info.plist; sourceTree = "<group>"; };
/* End PBXFileReference section */

/* Begin PBXFrameworksBuildPhase section */
		DC506C3D25F24B410082C2AE /* Frameworks */ = {
			isa = PBXFrameworksBuildPhase;
			buildActionMask = 2147483647;
			files = (
			);
			runOnlyForDeploymentPostprocessing = 0;
		};
/* End PBXFrameworksBuildPhase section */

/* Begin PBXGroup section */
		DC506C3725F24B410082C2AE = {
			isa = PBXGroup;
			children = (
				DC506C4225F24B410082C2AE /* colorApp */,
				DC506C4125F24B410082C2AE /* Products */,
			);
			sourceTree = "<group>";
		};
		DC506C4125F24B410082C2AE /* Products */ = {
			isa = PBXGroup;
			children = (
				DC506C4025F24B410082C2AE /* colorApp.app */,
			);
			name = Products;
			sourceTree = "<group>";
		};
		DC506C4225F24B410082C2AE /* colorApp */ = {
			isa = PBXGroup;
			children = (
				DC506C4325F24B410082C2AE /* AppDelegate.swift */,
				DC506C4525F24B410082C2AE /* SceneDelegate.swift */,
				DC506C4725F24B410082C2AE /* ViewController.swift */,
				DC506C4925F24B410082C2AE /* Main.storyboard */,
				DC506C4F25F24B430082C2AE /* Assets.xcassets */,
				DC506C5125F24B430082C2AE /* LaunchScreen.storyboard */,
				DC506C5425F24B430082C2AE /* Info.plist */,
				DC506C4C25F24B410082C2AE /* colorApp.xcdatamodeld */,
			);
			path = colorApp;
			sourceTree = "<group>";
		};
/* End PBXGroup section */

/* Begin PBXNativeTarget section */
		DC506C3F25F24B410082C2AE /* colorApp */ = {
			isa = PBXNativeTarget;
			buildConfigurationList = DC506C5725F24B430082C2AE /* Build configuration list for PBXNativeTarget "colorApp" */;
			buildPhases = (
				DC506C3C25F24B410082C2AE /* Sources */,
				DC506C3D25F24B410082C2AE /* Frameworks */,
				DC506C3E25F24B410082C2AE /* Resources */,
			);
			buildRules = (
			);
			dependencies = (
			);
			name = colorApp;
			productName = colorApp;
			productReference = DC506C4025F24B410082C2AE /* colorApp.app */;
			productType = "com.apple.product-type.application";
		};
/* End PBXNativeTarget section */

/* Begin PBXProject section */
		DC506C3825F24B410082C2AE /* Project object */ = {
			isa = PBXProject;
			attributes = {
				LastSwiftUpdateCheck = 1240;
				LastUpgradeCheck = 1240;
				TargetAttributes = {
					DC506C3F25F24B410082C2AE = {
						CreatedOnToolsVersion = 12.4;
					};
				};
			};
			buildConfigurationList = DC506C3B25F24B410082C2AE /* Build configuration list for PBXProject "colorApp" */;
			compatibilityVersion = "Xcode 9.3";
			developmentRegion = en;
			hasScannedForEncodings = 0;
			knownRegions = (
				en,
				Base,
			);
			mainGroup = DC506C3725F24B410082C2AE;
			productRefGroup = DC506C4125F24B410082C2AE /* Products */;
			projectDirPath = "";
			projectRoot = "";
			targets = (
				DC506C3F25F24B410082C2AE /* colorApp */,
			);
		};
/* End PBXProject section */

/* Begin PBXResourcesBuildPhase section */
		DC506C3E25F24B410082C2AE /* Resources */ = {
			isa = PBXResourcesBuildPhase;
			buildActionMask = 2147483647;
			files = (
				DC506C5325F24B430082C2AE /* LaunchScreen.storyboard in Resources */,
				DC506C5025F24B430082C2AE /* Assets.xcassets in Resources */,
				DC506C4B25F24B410082C2AE /* Main.storyboard in Resources */,
			);
			runOnlyForDeploymentPostprocessing = 0;
		};
/* End PBXResourcesBuildPhase section */

/* Begin PBXSourcesBuildPhase section */
		DC506C3C25F24B410082C2AE /* Sources */ = {
			isa = PBXSourcesBuildPhase;
			buildActionMask = 2147483647;
			files = (
				DC506C4825F24B410082C2AE /* ViewController.swift in Sources */,
				DC506C4E25F24B420082C2AE /* colorApp.xcdatamodeld in Sources */,
				DC506C4425F24B410082C2AE /* AppDelegate.swift in Sources */,
				DC506C4625F24B410082C2AE /* SceneDelegate.swift in Sources */,
			);
			runOnlyForDeploymentPostprocessing = 0;
		};
/* End PBXSourcesBuildPhase section */

/* Begin PBXVariantGroup section */
		DC506C4925F24B410082C2AE /* Main.storyboard */ = {
			isa = PBXVariantGroup;
			children = (
				DC506C4A25F24B410082C2AE /* Base */,
			);
			name = Main.storyboard;
			sourceTree = "<group>";
		};
		DC506C5125F24B430082C2AE /* LaunchScreen.storyboard */ = {
			isa = PBXVariantGroup;
			children = (
				DC506C5225F24B430082C2AE /* Base */,
			);
			name = LaunchScreen.storyboard;
			sourceTree = "<group>";
		};
/* End PBXVariantGroup section */

/* Begin XCBuildConfiguration section */
		DC506C5525F24B430082C2AE /* Debug */ = {
			isa = XCBuildConfiguration;
			buildSettings = {
				ALWAYS_SEARCH_USER_PATHS = NO;
				CLANG_ANALYZER_NONNULL = YES;
				CLANG_ANALYZER_NUMBER_OBJECT_CONVERSION = YES_AGGRESSIVE;
				CLANG_CXX_LANGUAGE_STANDARD = "gnu++14";
				CLANG_CXX_LIBRARY = "libc++";
				CLANG_ENABLE_MODULES = YES;
				CLANG_ENABLE_OBJC_ARC = YES;
				CLANG_ENABLE_OBJC_WEAK = YES;
				CLANG_WARN_BLOCK_CAPTURE_AUTORELEASING = YES;
				CLANG_WARN_BOOL_CONVERSION = YES;
				CLANG_WARN_COMMA = YES;
				CLANG_WARN_CONSTANT_CONVERSION = YES;
				CLANG_WARN_DEPRECATED_OBJC_IMPLEMENTATIONS = YES;
				CLANG_WARN_DIRECT_OBJC_ISA_USAGE = YES_ERROR;
				CLANG_WARN_DOCUMENTATION_COMMENTS = YES;
				CLANG_WARN_EMPTY_BODY = YES;
				CLANG_WARN_ENUM_CONVERSION = YES;
				CLANG_WARN_INFINITE_RECURSION = YES;
				CLANG_WARN_INT_CONVERSION = YES;
				CLANG_WARN_NON_LITERAL_NULL_CONVERSION = YES;
				CLANG_WARN_OBJC_IMPLICIT_RETAIN_SELF = YES;
				CLANG_WARN_OBJC_LITERAL_CONVERSION = YES;
				CLANG_WARN_OBJC_ROOT_CLASS = YES_ERROR;
				CLANG_WARN_QUOTED_INCLUDE_IN_FRAMEWORK_HEADER = YES;
				CLANG_WARN_RANGE_LOOP_ANALYSIS = YES;
				CLANG_WARN_STRICT_PROTOTYPES = YES;
				CLANG_WARN_SUSPICIOUS_MOVE = YES;
				CLANG_WARN_UNGUARDED_AVAILABILITY = YES_AGGRESSIVE;
				CLANG_WARN_UNREACHABLE_CODE = YES;
				CLANG_WARN__DUPLICATE_METHOD_MATCH = YES;
				COPY_PHASE_STRIP = NO;
				DEBUG_INFORMATION_FORMAT = dwarf;
				ENABLE_STRICT_OBJC_MSGSEND = YES;
				ENABLE_TESTABILITY = YES;
				GCC_C_LANGUAGE_STANDARD = gnu11;
				GCC_DYNAMIC_NO_PIC = NO;
				GCC_NO_COMMON_BLOCKS = YES;
				GCC_OPTIMIZATION_LEVEL = 0;
				GCC_PREPROCESSOR_DEFINITIONS = (
					"DEBUG=1",
					"$(inherited)",
				);
				GCC_WARN_64_TO_32_BIT_CONVERSION = YES;
				GCC_WARN_ABOUT_RETURN_TYPE = YES_ERROR;
				GCC_WARN_UNDECLARED_SELECTOR = YES;
				GCC_WARN_UNINITIALIZED_AUTOS = YES_AGGRESSIVE;
				GCC_WARN_UNUSED_FUNCTION = YES;
				GCC_WARN_UNUSED_VARIABLE = YES;
				IPHONEOS_DEPLOYMENT_TARGET = 14.4;
				MTL_ENABLE_DEBUG_INFO = INCLUDE_SOURCE;
				MTL_FAST_MATH = YES;
				ONLY_ACTIVE_ARCH = YES;
				SDKROOT = iphoneos;
				SWIFT_ACTIVE_COMPILATION_CONDITIONS = DEBUG;
				SWIFT_OPTIMIZATION_LEVEL = "-Onone";
			};
			name = Debug;
		};
		DC506C5625F24B430082C2AE /* Release */ = {
			isa = XCBuildConfiguration;
			buildSettings = {
				ALWAYS_SEARCH_USER_PATHS = NO;
				CLANG_ANALYZER_NONNULL = YES;
				CLANG_ANALYZER_NUMBER_OBJECT_CONVERSION = YES_AGGRESSIVE;
				CLANG_CXX_LANGUAGE_STANDARD = "gnu++14";
				CLANG_CXX_LIBRARY = "libc++";
				CLANG_ENABLE_MODULES = YES;
				CLANG_ENABLE_OBJC_ARC = YES;
				CLANG_ENABLE_OBJC_WEAK = YES;
				CLANG_WARN_BLOCK_CAPTURE_AUTORELEASING = YES;
				CLANG_WARN_BOOL_CONVERSION = YES;
				CLANG_WARN_COMMA = YES;
				CLANG_WARN_CONSTANT_CONVERSION = YES;
				CLANG_WARN_DEPRECATED_OBJC_IMPLEMENTATIONS = YES;
				CLANG_WARN_DIRECT_OBJC_ISA_USAGE = YES_ERROR;
				CLANG_WARN_DOCUMENTATION_COMMENTS = YES;
				CLANG_WARN_EMPTY_BODY = YES;
				CLANG_WARN_ENUM_CONVERSION = YES;
				CLANG_WARN_INFINITE_RECURSION = YES;
				CLANG_WARN_INT_CONVERSION = YES;
				CLANG_WARN_NON_LITERAL_NULL_CONVERSION = YES;
				CLANG_WARN_OBJC_IMPLICIT_RETAIN_SELF = YES;
				CLANG_WARN_OBJC_LITERAL_CONVERSION = YES;
				CLANG_WARN_OBJC_ROOT_CLASS = YES_ERROR;
				CLANG_WARN_QUOTED_INCLUDE_IN_FRAMEWORK_HEADER = YES;
				CLANG_WARN_RANGE_LOOP_ANALYSIS = YES;
				CLANG_WARN_STRICT_PROTOTYPES = YES;
				CLANG_WARN_SUSPICIOUS_MOVE = YES;
				CLANG_WARN_UNGUARDED_AVAILABILITY = YES_AGGRESSIVE;
				CLANG_WARN_UNREACHABLE_CODE = YES;
				CLANG_WARN__DUPLICATE_METHOD_MATCH = YES;
				COPY_PHASE_STRIP = NO;
				DEBUG_INFORMATION_FORMAT = "dwarf-with-dsym";
				ENABLE_NS_ASSERTIONS = NO;
				ENABLE_STRICT_OBJC_MSGSEND = YES;
				GCC_C_LANGUAGE_STANDARD = gnu11;
				GCC_NO_COMMON_BLOCKS = YES;
				GCC_WARN_64_TO_32_BIT_CONVERSION = YES;
				GCC_WARN_ABOUT_RETURN_TYPE = YES_ERROR;
				GCC_WARN_UNDECLARED_SELECTOR = YES;
				GCC_WARN_UNINITIALIZED_AUTOS = YES_AGGRESSIVE;
				GCC_WARN_UNUSED_FUNCTION = YES;
				GCC_WARN_UNUSED_VARIABLE = YES;
				IPHONEOS_DEPLOYMENT_TARGET = 14.4;
				MTL_ENABLE_DEBUG_INFO = NO;
				MTL_FAST_MATH = YES;
				SDKROOT = iphoneos;
				SWIFT_COMPILATION_MODE = wholemodule;
				SWIFT_OPTIMIZATION_LEVEL = "-O";
				VALIDATE_PRODUCT = YES;
			};
			name = Release;
		};
		DC506C5825F24B430082C2AE /* Debug */ = {
			isa = XCBuildConfiguration;
			buildSettings = {
				ASSETCATALOG_COMPILER_APPICON_NAME = AppIcon;
				ASSETCATALOG_COMPILER_GLOBAL_ACCENT_COLOR_NAME = AccentColor;
				CODE_SIGN_STYLE = Automatic;
				DEVELOPMENT_TEAM = Z37FPUWSL9;
				INFOPLIST_FILE = colorApp/Info.plist;
				LD_RUNPATH_SEARCH_PATHS = (
					"$(inherited)",
					"@executable_path/Frameworks",
				);
				PRODUCT_BUNDLE_IDENTIFIER = Vladik.colorApp;
				PRODUCT_NAME = "$(TARGET_NAME)";
				SWIFT_VERSION = 5.0;
				TARGETED_DEVICE_FAMILY = "1,2";
			};
			name = Debug;
		};
		DC506C5925F24B430082C2AE /* Release */ = {
			isa = XCBuildConfiguration;
			buildSettings = {
				ASSETCATALOG_COMPILER_APPICON_NAME = AppIcon;
				ASSETCATALOG_COMPILER_GLOBAL_ACCENT_COLOR_NAME = AccentColor;
				CODE_SIGN_STYLE = Automatic;
				DEVELOPMENT_TEAM = Z37FPUWSL9;
				INFOPLIST_FILE = colorApp/Info.plist;
				LD_RUNPATH_SEARCH_PATHS = (
					"$(inherited)",
					"@executable_path/Frameworks",
				);
				PRODUCT_BUNDLE_IDENTIFIER = Vladik.colorApp;
				PRODUCT_NAME = "$(TARGET_NAME)";
				SWIFT_VERSION = 5.0;
				TARGETED_DEVICE_FAMILY = "1,2";
			};
			name = Release;
		};
/* End XCBuildConfiguration section */

/* Begin XCConfigurationList section */
		DC506C3B25F24B410082C2AE /* Build configuration list for PBXProject "colorApp" */ = {
			isa = XCConfigurationList;
			buildConfigurations = (
				DC506C5525F24B430082C2AE /* Debug */,
				DC506C5625F24B430082C2AE /* Release */,
			);
			defaultConfigurationIsVisible = 0;
			defaultConfigurationName = Release;
		};
		DC506C5725F24B430082C2AE /* Build configuration list for PBXNativeTarget "colorApp" */ = {
			isa = XCConfigurationList;
			buildConfigurations = (
				DC506C5825F24B430082C2AE /* Debug */,
				DC506C5925F24B430082C2AE /* Release */,
			);
			defaultConfigurationIsVisible = 0;
			defaultConfigurationName = Release;
		};
/* End XCConfigurationList section */

/* Begin XCVersionGroup section */
		DC506C4C25F24B410082C2AE /* colorApp.xcdatamodeld */ = {
			isa = XCVersionGroup;
			children = (
				DC506C4D25F24B410082C2AE /* colorApp.xcdatamodel */,
			);
			currentVersion = DC506C4D25F24B410082C2AE /* colorApp.xcdatamodel */;
			path = colorApp.xcdatamodeld;
			sourceTree = "<group>";
			versionGroupType = wrapper.xcdatamodel;
		};
/* End XCVersionGroup section */
	};
	rootObject = DC506C3825F24B410082C2AE /* Project object */;
}
